// !$*UTF8*$!
{
	archiveVersion = 1;
	classes = {
	};
	objectVersion = 48;
	objects = {

/* Begin PBXBuildFile section */
		49CAB439205F4A5F00E7ECC9 /* AppDelegate.swift in Sources */ = {isa = PBXBuildFile; fileRef = 49CAB438205F4A5F00E7ECC9 /* AppDelegate.swift */; };
		49CAB43B205F4A5F00E7ECC9 /* MainVC.swift in Sources */ = {isa = PBXBuildFile; fileRef = 49CAB43A205F4A5F00E7ECC9 /* MainVC.swift */; };
		49CAB43E205F4A5F00E7ECC9 /* Main.storyboard in Resources */ = {isa = PBXBuildFile; fileRef = 49CAB43C205F4A5F00E7ECC9 /* Main.storyboard */; };
		49CAB440205F4A5F00E7ECC9 /* Assets.xcassets in Resources */ = {isa = PBXBuildFile; fileRef = 49CAB43F205F4A5F00E7ECC9 /* Assets.xcassets */; };
		49CAB443205F4A5F00E7ECC9 /* LaunchScreen.storyboard in Resources */ = {isa = PBXBuildFile; fileRef = 49CAB441205F4A5F00E7ECC9 /* LaunchScreen.storyboard */; };
		49CAB44F205F4EBC00E7ECC9 /* CurrencyTxtField.swift in Sources */ = {isa = PBXBuildFile; fileRef = 49CAB44E205F4EBC00E7ECC9 /* CurrencyTxtField.swift */; };
		49CAB457205F611500E7ECC9 /* window_shopperTests.swift in Sources */ = {isa = PBXBuildFile; fileRef = 49CAB456205F611500E7ECC9 /* window_shopperTests.swift */; };
		49CAB460205F613A00E7ECC9 /* wage.swift in Sources */ = {isa = PBXBuildFile; fileRef = 49CAB45F205F613A00E7ECC9 /* wage.swift */; };
		49CAB462205F632D00E7ECC9 /* wage.swift in Sources */ = {isa = PBXBuildFile; fileRef = 49CAB45F205F613A00E7ECC9 /* wage.swift */; };
/* End PBXBuildFile section */

/* Begin PBXContainerItemProxy section */
		49CAB459205F611500E7ECC9 /* PBXContainerItemProxy */ = {
			isa = PBXContainerItemProxy;
			containerPortal = 49CAB42D205F4A5F00E7ECC9 /* Project object */;
			proxyType = 1;
			remoteGlobalIDString = 49CAB434205F4A5F00E7ECC9;
			remoteInfo = "window-shopper";
		};
/* End PBXContainerItemProxy section */

/* Begin PBXFileReference section */
		49CAB435205F4A5F00E7ECC9 /* window-shopper.app */ = {isa = PBXFileReference; explicitFileType = wrapper.application; includeInIndex = 0; path = "window-shopper.app"; sourceTree = BUILT_PRODUCTS_DIR; };
		49CAB438205F4A5F00E7ECC9 /* AppDelegate.swift */ = {isa = PBXFileReference; lastKnownFileType = sourcecode.swift; path = AppDelegate.swift; sourceTree = "<group>"; };
		49CAB43A205F4A5F00E7ECC9 /* MainVC.swift */ = {isa = PBXFileReference; lastKnownFileType = sourcecode.swift; path = MainVC.swift; sourceTree = "<group>"; };
		49CAB43D205F4A5F00E7ECC9 /* Base */ = {isa = PBXFileReference; lastKnownFileType = file.storyboard; name = Base; path = Base.lproj/Main.storyboard; sourceTree = "<group>"; };
		49CAB43F205F4A5F00E7ECC9 /* Assets.xcassets */ = {isa = PBXFileReference; lastKnownFileType = folder.assetcatalog; path = Assets.xcassets; sourceTree = "<group>"; };
		49CAB442205F4A5F00E7ECC9 /* Base */ = {isa = PBXFileReference; lastKnownFileType = file.storyboard; name = Base; path = Base.lproj/LaunchScreen.storyboard; sourceTree = "<group>"; };
		49CAB444205F4A5F00E7ECC9 /* Info.plist */ = {isa = PBXFileReference; lastKnownFileType = text.plist.xml; path = Info.plist; sourceTree = "<group>"; };
		49CAB44E205F4EBC00E7ECC9 /* CurrencyTxtField.swift */ = {isa = PBXFileReference; lastKnownFileType = sourcecode.swift; path = CurrencyTxtField.swift; sourceTree = "<group>"; };
		49CAB454205F611500E7ECC9 /* window-shopperTests.xctest */ = {isa = PBXFileReference; explicitFileType = wrapper.cfbundle; includeInIndex = 0; path = "window-shopperTests.xctest"; sourceTree = BUILT_PRODUCTS_DIR; };
		49CAB456205F611500E7ECC9 /* window_shopperTests.swift */ = {isa = PBXFileReference; lastKnownFileType = sourcecode.swift; path = window_shopperTests.swift; sourceTree = "<group>"; };
		49CAB458205F611500E7ECC9 /* Info.plist */ = {isa = PBXFileReference; lastKnownFileType = text.plist.xml; path = Info.plist; sourceTree = "<group>"; };
		49CAB45F205F613A00E7ECC9 /* wage.swift */ = {isa = PBXFileReference; lastKnownFileType = sourcecode.swift; path = wage.swift; sourceTree = "<group>"; };
/* End PBXFileReference section */

/* Begin PBXFrameworksBuildPhase section */
		49CAB432205F4A5F00E7ECC9 /* Frameworks */ = {
			isa = PBXFrameworksBuildPhase;
			buildActionMask = 2147483647;
			files = (
			);
			runOnlyForDeploymentPostprocessing = 0;
		};
		49CAB451205F611500E7ECC9 /* Frameworks */ = {
			isa = PBXFrameworksBuildPhase;
			buildActionMask = 2147483647;
			files = (
			);
			runOnlyForDeploymentPostprocessing = 0;
		};
/* End PBXFrameworksBuildPhase section */

/* Begin PBXGroup section */
		49CAB42C205F4A5F00E7ECC9 = {
			isa = PBXGroup;
			children = (
				49CAB437205F4A5F00E7ECC9 /* window-shopper */,
				49CAB455205F611500E7ECC9 /* window-shopperTests */,
				49CAB436205F4A5F00E7ECC9 /* Products */,
			);
			sourceTree = "<group>";
		};
		49CAB436205F4A5F00E7ECC9 /* Products */ = {
			isa = PBXGroup;
			children = (
				49CAB435205F4A5F00E7ECC9 /* window-shopper.app */,
				49CAB454205F611500E7ECC9 /* window-shopperTests.xctest */,
			);
			name = Products;
			sourceTree = "<group>";
		};
		49CAB437205F4A5F00E7ECC9 /* window-shopper */ = {
			isa = PBXGroup;
			children = (
				49CAB45E205F612700E7ECC9 /* Model */,
				49CAB44B205F4E6900E7ECC9 /* Views */,
				49CAB44A205F4CE900E7ECC9 /* Controller */,
				49CAB438205F4A5F00E7ECC9 /* AppDelegate.swift */,
				49CAB43C205F4A5F00E7ECC9 /* Main.storyboard */,
				49CAB43F205F4A5F00E7ECC9 /* Assets.xcassets */,
				49CAB441205F4A5F00E7ECC9 /* LaunchScreen.storyboard */,
				49CAB444205F4A5F00E7ECC9 /* Info.plist */,
			);
			path = "window-shopper";
			sourceTree = "<group>";
		};
		49CAB44A205F4CE900E7ECC9 /* Controller */ = {
			isa = PBXGroup;
			children = (
				49CAB43A205F4A5F00E7ECC9 /* MainVC.swift */,
			);
			path = Controller;
			sourceTree = "<group>";
		};
		49CAB44B205F4E6900E7ECC9 /* Views */ = {
			isa = PBXGroup;
			children = (
				49CAB44E205F4EBC00E7ECC9 /* CurrencyTxtField.swift */,
			);
			path = Views;
			sourceTree = "<group>";
		};
		49CAB455205F611500E7ECC9 /* window-shopperTests */ = {
			isa = PBXGroup;
			children = (
				49CAB456205F611500E7ECC9 /* window_shopperTests.swift */,
				49CAB458205F611500E7ECC9 /* Info.plist */,
			);
			path = "window-shopperTests";
			sourceTree = "<group>";
		};
		49CAB45E205F612700E7ECC9 /* Model */ = {
			isa = PBXGroup;
			children = (
				49CAB45F205F613A00E7ECC9 /* wage.swift */,
			);
			path = Model;
			sourceTree = "<group>";
		};
/* End PBXGroup section */

/* Begin PBXNativeTarget section */
		49CAB434205F4A5F00E7ECC9 /* window-shopper */ = {
			isa = PBXNativeTarget;
			buildConfigurationList = 49CAB447205F4A5F00E7ECC9 /* Build configuration list for PBXNativeTarget "window-shopper" */;
			buildPhases = (
				49CAB431205F4A5F00E7ECC9 /* Sources */,
				49CAB432205F4A5F00E7ECC9 /* Frameworks */,
				49CAB433205F4A5F00E7ECC9 /* Resources */,
			);
			buildRules = (
			);
			dependencies = (
			);
			name = "window-shopper";
			productName = "window-shopper";
			productReference = 49CAB435205F4A5F00E7ECC9 /* window-shopper.app */;
			productType = "com.apple.product-type.application";
		};
		49CAB453205F611500E7ECC9 /* window-shopperTests */ = {
			isa = PBXNativeTarget;
			buildConfigurationList = 49CAB45B205F611500E7ECC9 /* Build configuration list for PBXNativeTarget "window-shopperTests" */;
			buildPhases = (
				49CAB450205F611500E7ECC9 /* Sources */,
				49CAB451205F611500E7ECC9 /* Frameworks */,
				49CAB452205F611500E7ECC9 /* Resources */,
			);
			buildRules = (
			);
			dependencies = (
				49CAB45A205F611500E7ECC9 /* PBXTargetDependency */,
			);
			name = "window-shopperTests";
			productName = "window-shopperTests";
			productReference = 49CAB454205F611500E7ECC9 /* window-shopperTests.xctest */;
			productType = "com.apple.product-type.bundle.unit-test";
		};
/* End PBXNativeTarget section */

/* Begin PBXProject section */
		49CAB42D205F4A5F00E7ECC9 /* Project object */ = {
			isa = PBXProject;
			attributes = {
				LastSwiftUpdateCheck = 0910;
				LastUpgradeCheck = 0910;
				ORGANIZATIONNAME = "Patrik Kemeny";
				TargetAttributes = {
					49CAB434205F4A5F00E7ECC9 = {
						CreatedOnToolsVersion = 9.1;
						ProvisioningStyle = Automatic;
					};
					49CAB453205F611500E7ECC9 = {
						CreatedOnToolsVersion = 9.1;
						ProvisioningStyle = Automatic;
						TestTargetID = 49CAB434205F4A5F00E7ECC9;
					};
				};
			};
			buildConfigurationList = 49CAB430205F4A5F00E7ECC9 /* Build configuration list for PBXProject "window-shopper" */;
			compatibilityVersion = "Xcode 8.0";
			developmentRegion = en;
			hasScannedForEncodings = 0;
			knownRegions = (
				en,
				Base,
			);
			mainGroup = 49CAB42C205F4A5F00E7ECC9;
			productRefGroup = 49CAB436205F4A5F00E7ECC9 /* Products */;
			projectDirPath = "";
			projectRoot = "";
			targets = (
				49CAB434205F4A5F00E7ECC9 /* window-shopper */,
				49CAB453205F611500E7ECC9 /* window-shopperTests */,
			);
		};
/* End PBXProject section */

/* Begin PBXResourcesBuildPhase section */
		49CAB433205F4A5F00E7ECC9 /* Resources */ = {
			isa = PBXResourcesBuildPhase;
			buildActionMask = 2147483647;
			files = (
				49CAB443205F4A5F00E7ECC9 /* LaunchScreen.storyboard in Resources */,
				49CAB440205F4A5F00E7ECC9 /* Assets.xcassets in Resources */,
				49CAB43E205F4A5F00E7ECC9 /* Main.storyboard in Resources */,
			);
			runOnlyForDeploymentPostprocessing = 0;
		};
		49CAB452205F611500E7ECC9 /* Resources */ = {
			isa = PBXResourcesBuildPhase;
			buildActionMask = 2147483647;
			files = (
			);
			runOnlyForDeploymentPostprocessing = 0;
		};
/* End PBXResourcesBuildPhase section */

/* Begin PBXSourcesBuildPhase section */
		49CAB431205F4A5F00E7ECC9 /* Sources */ = {
			isa = PBXSourcesBuildPhase;
			buildActionMask = 2147483647;
			files = (
				49CAB44F205F4EBC00E7ECC9 /* CurrencyTxtField.swift in Sources */,
				49CAB460205F613A00E7ECC9 /* wage.swift in Sources */,
				49CAB43B205F4A5F00E7ECC9 /* MainVC.swift in Sources */,
				49CAB439205F4A5F00E7ECC9 /* AppDelegate.swift in Sources */,
			);
			runOnlyForDeploymentPostprocessing = 0;
		};
		49CAB450205F611500E7ECC9 /* Sources */ = {
			isa = PBXSourcesBuildPhase;
			buildActionMask = 2147483647;
			files = (
				49CAB457205F611500E7ECC9 /* window_shopperTests.swift in Sources */,
				49CAB462205F632D00E7ECC9 /* wage.swift in Sources */,
			);
			runOnlyForDeploymentPostprocessing = 0;
		};
/* End PBXSourcesBuildPhase section */

/* Begin PBXTargetDependency section */
		49CAB45A205F611500E7ECC9 /* PBXTargetDependency */ = {
			isa = PBXTargetDependency;
			target = 49CAB434205F4A5F00E7ECC9 /* window-shopper */;
			targetProxy = 49CAB459205F611500E7ECC9 /* PBXContainerItemProxy */;
		};
/* End PBXTargetDependency section */

/* Begin PBXVariantGroup section */
		49CAB43C205F4A5F00E7ECC9 /* Main.storyboard */ = {
			isa = PBXVariantGroup;
			children = (
				49CAB43D205F4A5F00E7ECC9 /* Base */,
			);
			name = Main.storyboard;
			sourceTree = "<group>";
		};
		49CAB441205F4A5F00E7ECC9 /* LaunchScreen.storyboard */ = {
			isa = PBXVariantGroup;
			children = (
				49CAB442205F4A5F00E7ECC9 /* Base */,
			);
			name = LaunchScreen.storyboard;
			sourceTree = "<group>";
		};
/* End PBXVariantGroup section */

/* Begin XCBuildConfiguration section */
		49CAB445205F4A5F00E7ECC9 /* Debug */ = {
			isa = XCBuildConfiguration;
			buildSettings = {
				ALWAYS_SEARCH_USER_PATHS = NO;
				CLANG_ANALYZER_NONNULL = YES;
				CLANG_ANALYZER_NUMBER_OBJECT_CONVERSION = YES_AGGRESSIVE;
				CLANG_CXX_LANGUAGE_STANDARD = "gnu++14";
				CLANG_CXX_LIBRARY = "libc++";
				CLANG_ENABLE_MODULES = YES;
				CLANG_ENABLE_OBJC_ARC = YES;
				CLANG_WARN_BLOCK_CAPTURE_AUTORELEASING = YES;
				CLANG_WARN_BOOL_CONVERSION = YES;
				CLANG_WARN_COMMA = YES;
				CLANG_WARN_CONSTANT_CONVERSION = YES;
				CLANG_WARN_DIRECT_OBJC_ISA_USAGE = YES_ERROR;
				CLANG_WARN_DOCUMENTATION_COMMENTS = YES;
				CLANG_WARN_EMPTY_BODY = YES;
				CLANG_WARN_ENUM_CONVERSION = YES;
				CLANG_WARN_INFINITE_RECURSION = YES;
				CLANG_WARN_INT_CONVERSION = YES;
				CLANG_WARN_NON_LITERAL_NULL_CONVERSION = YES;
				CLANG_WARN_OBJC_LITERAL_CONVERSION = YES;
				CLANG_WARN_OBJC_ROOT_CLASS = YES_ERROR;
				CLANG_WARN_RANGE_LOOP_ANALYSIS = YES;
				CLANG_WARN_STRICT_PROTOTYPES = YES;
				CLANG_WARN_SUSPICIOUS_MOVE = YES;
				CLANG_WARN_UNGUARDED_AVAILABILITY = YES_AGGRESSIVE;
				CLANG_WARN_UNREACHABLE_CODE = YES;
				CLANG_WARN__DUPLICATE_METHOD_MATCH = YES;
				CODE_SIGN_IDENTITY = "iPhone Developer";
				COPY_PHASE_STRIP = NO;
				DEBUG_INFORMATION_FORMAT = dwarf;
				ENABLE_STRICT_OBJC_MSGSEND = YES;
				ENABLE_TESTABILITY = YES;
				GCC_C_LANGUAGE_STANDARD = gnu11;
				GCC_DYNAMIC_NO_PIC = NO;
				GCC_NO_COMMON_BLOCKS = YES;
				GCC_OPTIMIZATION_LEVEL = 0;
				GCC_PREPROCESSOR_DEFINITIONS = (
					"DEBUG=1",
					"$(inherited)",
				);
				GCC_WARN_64_TO_32_BIT_CONVERSION = YES;
				GCC_WARN_ABOUT_RETURN_TYPE = YES_ERROR;
				GCC_WARN_UNDECLARED_SELECTOR = YES;
				GCC_WARN_UNINITIALIZED_AUTOS = YES_AGGRESSIVE;
				GCC_WARN_UNUSED_FUNCTION = YES;
				GCC_WARN_UNUSED_VARIABLE = YES;
				IPHONEOS_DEPLOYMENT_TARGET = 11.1;
				MTL_ENABLE_DEBUG_INFO = YES;
				ONLY_ACTIVE_ARCH = YES;
				SDKROOT = iphoneos;
				SWIFT_ACTIVE_COMPILATION_CONDITIONS = DEBUG;
				SWIFT_OPTIMIZATION_LEVEL = "-Onone";
			};
			name = Debug;
		};
		49CAB446205F4A5F00E7ECC9 /* Release */ = {
			isa = XCBuildConfiguration;
			buildSettings = {
				ALWAYS_SEARCH_USER_PATHS = NO;
				CLANG_ANALYZER_NONNULL = YES;
				CLANG_ANALYZER_NUMBER_OBJECT_CONVERSION = YES_AGGRESSIVE;
				CLANG_CXX_LANGUAGE_STANDARD = "gnu++14";
				CLANG_CXX_LIBRARY = "libc++";
				CLANG_ENABLE_MODULES = YES;
				CLANG_ENABLE_OBJC_ARC = YES;
				CLANG_WARN_BLOCK_CAPTURE_AUTORELEASING = YES;
				CLANG_WARN_BOOL_CONVERSION = YES;
				CLANG_WARN_COMMA = YES;
				CLANG_WARN_CONSTANT_CONVERSION = YES;
				CLANG_WARN_DIRECT_OBJC_ISA_USAGE = YES_ERROR;
				CLANG_WARN_DOCUMENTATION_COMMENTS = YES;
				CLANG_WARN_EMPTY_BODY = YES;
				CLANG_WARN_ENUM_CONVERSION = YES;
				CLANG_WARN_INFINITE_RECURSION = YES;
				CLANG_WARN_INT_CONVERSION = YES;
				CLANG_WARN_NON_LITERAL_NULL_CONVERSION = YES;
				CLANG_WARN_OBJC_LITERAL_CONVERSION = YES;
				CLANG_WARN_OBJC_ROOT_CLASS = YES_ERROR;
				CLANG_WARN_RANGE_LOOP_ANALYSIS = YES;
				CLANG_WARN_STRICT_PROTOTYPES = YES;
				CLANG_WARN_SUSPICIOUS_MOVE = YES;
				CLANG_WARN_UNGUARDED_AVAILABILITY = YES_AGGRESSIVE;
				CLANG_WARN_UNREACHABLE_CODE = YES;
				CLANG_WARN__DUPLICATE_METHOD_MATCH = YES;
				CODE_SIGN_IDENTITY = "iPhone Developer";
				COPY_PHASE_STRIP = NO;
				DEBUG_INFORMATION_FORMAT = "dwarf-with-dsym";
				ENABLE_NS_ASSERTIONS = NO;
				ENABLE_STRICT_OBJC_MSGSEND = YES;
				GCC_C_LANGUAGE_STANDARD = gnu11;
				GCC_NO_COMMON_BLOCKS = YES;
				GCC_WARN_64_TO_32_BIT_CONVERSION = YES;
				GCC_WARN_ABOUT_RETURN_TYPE = YES_ERROR;
				GCC_WARN_UNDECLARED_SELECTOR = YES;
				GCC_WARN_UNINITIALIZED_AUTOS = YES_AGGRESSIVE;
				GCC_WARN_UNUSED_FUNCTION = YES;
				GCC_WARN_UNUSED_VARIABLE = YES;
				IPHONEOS_DEPLOYMENT_TARGET = 11.1;
				MTL_ENABLE_DEBUG_INFO = NO;
				SDKROOT = iphoneos;
				SWIFT_OPTIMIZATION_LEVEL = "-Owholemodule";
				VALIDATE_PRODUCT = YES;
			};
			name = Release;
		};
		49CAB448205F4A5F00E7ECC9 /* Debug */ = {
			isa = XCBuildConfiguration;
			buildSettings = {
				ASSETCATALOG_COMPILER_APPICON_NAME = AppIcon;
				CODE_SIGN_STYLE = Automatic;
				DEVELOPMENT_TEAM = Q8G8Q32W3S;
				INFOPLIST_FILE = "window-shopper/Info.plist";
				LD_RUNPATH_SEARCH_PATHS = "$(inherited) @executable_path/Frameworks";
				PRODUCT_BUNDLE_IDENTIFIER = "kmm.window-shopper";
				PRODUCT_NAME = "$(TARGET_NAME)";
				SWIFT_VERSION = 4.0;
				TARGETED_DEVICE_FAMILY = "1,2";
			};
			name = Debug;
		};
		49CAB449205F4A5F00E7ECC9 /* Release */ = {
			isa = XCBuildConfiguration;
			buildSettings = {
				ASSETCATALOG_COMPILER_APPICON_NAME = AppIcon;
				CODE_SIGN_STYLE = Automatic;
				DEVELOPMENT_TEAM = Q8G8Q32W3S;
				INFOPLIST_FILE = "window-shopper/Info.plist";
				LD_RUNPATH_SEARCH_PATHS = "$(inherited) @executable_path/Frameworks";
				PRODUCT_BUNDLE_IDENTIFIER = "kmm.window-shopper";
				PRODUCT_NAME = "$(TARGET_NAME)";
				SWIFT_VERSION = 4.0;
				TARGETED_DEVICE_FAMILY = "1,2";
			};
			name = Release;
		};
		49CAB45C205F611500E7ECC9 /* Debug */ = {
			isa = XCBuildConfiguration;
			buildSettings = {
				BUNDLE_LOADER = "$(TEST_HOST)";
				CODE_SIGN_STYLE = Automatic;
				DEVELOPMENT_TEAM = Q8G8Q32W3S;
				INFOPLIST_FILE = "window-shopperTests/Info.plist";
				LD_RUNPATH_SEARCH_PATHS = "$(inherited) @executable_path/Frameworks @loader_path/Frameworks";
				PRODUCT_BUNDLE_IDENTIFIER = "kmm.window-shopperTests";
				PRODUCT_NAME = "$(TARGET_NAME)";
				SWIFT_VERSION = 4.0;
				TARGETED_DEVICE_FAMILY = "1,2";
				TEST_HOST = "$(BUILT_PRODUCTS_DIR)/window-shopper.app/window-shopper";
			};
			name = Debug;
		};
		49CAB45D205F611500E7ECC9 /* Release */ = {
			isa = XCBuildConfiguration;
			buildSettings = {
				BUNDLE_LOADER = "$(TEST_HOST)";
				CODE_SIGN_STYLE = Automatic;
				DEVELOPMENT_TEAM = Q8G8Q32W3S;
				INFOPLIST_FILE = "window-shopperTests/Info.plist";
				LD_RUNPATH_SEARCH_PATHS = "$(inherited) @executable_path/Frameworks @loader_path/Frameworks";
				PRODUCT_BUNDLE_IDENTIFIER = "kmm.window-shopperTests";
				PRODUCT_NAME = "$(TARGET_NAME)";
				SWIFT_VERSION = 4.0;
				TARGETED_DEVICE_FAMILY = "1,2";
				TEST_HOST = "$(BUILT_PRODUCTS_DIR)/window-shopper.app/window-shopper";
			};
			name = Release;
		};
/* End XCBuildConfiguration section */

/* Begin XCConfigurationList section */
		49CAB430205F4A5F00E7ECC9 /* Build configuration list for PBXProject "window-shopper" */ = {
			isa = XCConfigurationList;
			buildConfigurations = (
				49CAB445205F4A5F00E7ECC9 /* Debug */,
				49CAB446205F4A5F00E7ECC9 /* Release */,
			);
			defaultConfigurationIsVisible = 0;
			defaultConfigurationName = Release;
		};
		49CAB447205F4A5F00E7ECC9 /* Build configuration list for PBXNativeTarget "window-shopper" */ = {
			isa = XCConfigurationList;
			buildConfigurations = (
				49CAB448205F4A5F00E7ECC9 /* Debug */,
				49CAB449205F4A5F00E7ECC9 /* Release */,
			);
			defaultConfigurationIsVisible = 0;
			defaultConfigurationName = Release;
		};
		49CAB45B205F611500E7ECC9 /* Build configuration list for PBXNativeTarget "window-shopperTests" */ = {
			isa = XCConfigurationList;
			buildConfigurations = (
				49CAB45C205F611500E7ECC9 /* Debug */,
				49CAB45D205F611500E7ECC9 /* Release */,
			);
			defaultConfigurationIsVisible = 0;
			defaultConfigurationName = Release;
		};
/* End XCConfigurationList section */
	};
	rootObject = 49CAB42D205F4A5F00E7ECC9 /* Project object */;
}
